// !$*UTF8*$!
{
	archiveVersion = 1;
	classes = {
	};
	objectVersion = 50;
	objects = {

/* Begin PBXBuildFile section */
		06795FBBC9AF9C3F59B877D9 /* Pods_homework.framework in Frameworks */ = {isa = PBXBuildFile; fileRef = 65BCC92BFAA5F2FE6125D228 /* Pods_homework.framework */; };
		3389696FF4F3A4019CB4E726 /* Pods_homeworkTests.framework in Frameworks */ = {isa = PBXBuildFile; fileRef = B2DE4B2DCF57B58D0278C69A /* Pods_homeworkTests.framework */; };
		9B1189B622B4CCD300C4AA18 /* MomentsTweetCommentLabel.swift in Sources */ = {isa = PBXBuildFile; fileRef = 9B1189B522B4CCD300C4AA18 /* MomentsTweetCommentLabel.swift */; };
		9B1189BB22B4DA0500C4AA18 /* User+Models.swift in Sources */ = {isa = PBXBuildFile; fileRef = 9B1189BA22B4DA0500C4AA18 /* User+Models.swift */; };
		9B209B4322B4F0190084E2BF /* User.swift in Sources */ = {isa = PBXBuildFile; fileRef = 9B209B4222B4F0190084E2BF /* User.swift */; };
		9B209B4522B4F0330084E2BF /* Moments.swift in Sources */ = {isa = PBXBuildFile; fileRef = 9B209B4422B4F0330084E2BF /* Moments.swift */; };
		9B209B4722B4F0580084E2BF /* User+Provider.swift in Sources */ = {isa = PBXBuildFile; fileRef = 9B209B4622B4F0580084E2BF /* User+Provider.swift */; };
		9B209B4A22B4F0F60084E2BF /* APIController.swift in Sources */ = {isa = PBXBuildFile; fileRef = 9B209B4922B4F0F60084E2BF /* APIController.swift */; };
		9B209B4E22B4F3850084E2BF /* Moments+Provider.swift in Sources */ = {isa = PBXBuildFile; fileRef = 9B209B4D22B4F3850084E2BF /* Moments+Provider.swift */; };
		9B209B5222B5071F0084E2BF /* BaseModels.swift in Sources */ = {isa = PBXBuildFile; fileRef = 9B209B5122B5071F0084E2BF /* BaseModels.swift */; };
		9B209B7222B51BF20084E2BF /* tweets.json in Resources */ = {isa = PBXBuildFile; fileRef = 9B209B7122B51BF20084E2BF /* tweets.json */; };
		9B209B7922B541760084E2BF /* UIImageView+WebImage.swift in Sources */ = {isa = PBXBuildFile; fileRef = 9B209B7822B541760084E2BF /* UIImageView+WebImage.swift */; };
		9B209B7B22B545E20084E2BF /* WebImageManager.swift in Sources */ = {isa = PBXBuildFile; fileRef = 9B209B7A22B545E20084E2BF /* WebImageManager.swift */; };
		9B209B7D22B5492E0084E2BF /* WebImageLoader.swift in Sources */ = {isa = PBXBuildFile; fileRef = 9B209B7C22B5492E0084E2BF /* WebImageLoader.swift */; };
		9B209B7F22B54AA10084E2BF /* String+Crypto.swift in Sources */ = {isa = PBXBuildFile; fileRef = 9B209B7E22B54AA10084E2BF /* String+Crypto.swift */; };
		9B209B8622B5E7E70084E2BF /* MomentsProfileProvider.swift in Sources */ = {isa = PBXBuildFile; fileRef = 9B209B8522B5E7E70084E2BF /* MomentsProfileProvider.swift */; };
		9B209B8822B5EAA80084E2BF /* UIImage+Transforms.swift in Sources */ = {isa = PBXBuildFile; fileRef = 9B209B8722B5EAA80084E2BF /* UIImage+Transforms.swift */; };
		9B209B8A22B5F5880084E2BF /* Network.swift in Sources */ = {isa = PBXBuildFile; fileRef = 9B209B8922B5F5880084E2BF /* Network.swift */; };
		9B209B8C22B60E1B0084E2BF /* WebImageHolder.swift in Sources */ = {isa = PBXBuildFile; fileRef = 9B209B8B22B60E1B0084E2BF /* WebImageHolder.swift */; };
		9B38884522B3FFEC005B65F6 /* Moments+Models.swift in Sources */ = {isa = PBXBuildFile; fileRef = 9B38884422B3FFEC005B65F6 /* Moments+Models.swift */; };
		9B38884722B400FF005B65F6 /* NSObject+Rx.swift in Sources */ = {isa = PBXBuildFile; fileRef = 9B38884622B400FE005B65F6 /* NSObject+Rx.swift */; };
		9B38884922B40192005B65F6 /* Observable+Conveniences.swift in Sources */ = {isa = PBXBuildFile; fileRef = 9B38884822B40192005B65F6 /* Observable+Conveniences.swift */; };
		9B38884B22B4063F005B65F6 /* SquaredBoxView.swift in Sources */ = {isa = PBXBuildFile; fileRef = 9B38884A22B4063F005B65F6 /* SquaredBoxView.swift */; };
		9B38884D22B40BD7005B65F6 /* NineGridView.swift in Sources */ = {isa = PBXBuildFile; fileRef = 9B38884C22B40BD7005B65F6 /* NineGridView.swift */; };
		9B38884F22B4107F005B65F6 /* UITableView+EasyReuse.swift in Sources */ = {isa = PBXBuildFile; fileRef = 9B38884E22B4107F005B65F6 /* UITableView+EasyReuse.swift */; };
		9BB8024022B27D24002C646C /* AppDelegate.swift in Sources */ = {isa = PBXBuildFile; fileRef = 9BB8023F22B27D24002C646C /* AppDelegate.swift */; };
		9BB8024722B27D24002C646C /* Assets.xcassets in Resources */ = {isa = PBXBuildFile; fileRef = 9BB8024622B27D24002C646C /* Assets.xcassets */; };
		9BB8024A22B27D24002C646C /* LaunchScreen.storyboard in Resources */ = {isa = PBXBuildFile; fileRef = 9BB8024822B27D24002C646C /* LaunchScreen.storyboard */; };
		9BB8025522B27D24002C646C /* homeworkTests.swift in Sources */ = {isa = PBXBuildFile; fileRef = 9BB8025422B27D24002C646C /* homeworkTests.swift */; };
		9BB8026022B27D24002C646C /* homeworkUITests.swift in Sources */ = {isa = PBXBuildFile; fileRef = 9BB8025F22B27D24002C646C /* homeworkUITests.swift */; };
		9BB8026F22B27DAC002C646C /* MomentsViewController.swift in Sources */ = {isa = PBXBuildFile; fileRef = 9BB8026E22B27DAC002C646C /* MomentsViewController.swift */; };
		9BB8027422B2964F002C646C /* MomentsTweetProvider.swift in Sources */ = {isa = PBXBuildFile; fileRef = 9BB8027322B2964F002C646C /* MomentsTweetProvider.swift */; };
		9BB8027722B29696002C646C /* BaseViewModel.swift in Sources */ = {isa = PBXBuildFile; fileRef = 9BB8027622B29696002C646C /* BaseViewModel.swift */; };
		9BB8027922B296ED002C646C /* MomentsTweetCell.swift in Sources */ = {isa = PBXBuildFile; fileRef = 9BB8027822B296ED002C646C /* MomentsTweetCell.swift */; };
		9BB8027B22B29BC2002C646C /* MomentsTweetPhotoCell.swift in Sources */ = {isa = PBXBuildFile; fileRef = 9BB8027A22B29BC2002C646C /* MomentsTweetPhotoCell.swift */; };
		9BB8027D22B29E05002C646C /* MomentsTweetTextCell.swift in Sources */ = {isa = PBXBuildFile; fileRef = 9BB8027C22B29E05002C646C /* MomentsTweetTextCell.swift */; };
		9BB8027F22B2A1EE002C646C /* MomentsTweetMultipictureCell.swift in Sources */ = {isa = PBXBuildFile; fileRef = 9BB8027E22B2A1EE002C646C /* MomentsTweetMultipictureCell.swift */; };
		9BB8028222B2A246002C646C /* AvatarView.swift in Sources */ = {isa = PBXBuildFile; fileRef = 9BB8028122B2A246002C646C /* AvatarView.swift */; };
		9BB8028622B2A524002C646C /* UILabel+Conveniences.swift in Sources */ = {isa = PBXBuildFile; fileRef = 9BB8028522B2A524002C646C /* UILabel+Conveniences.swift */; };
		9BB8028822B2A5F0002C646C /* UIFont+Conveniences.swift in Sources */ = {isa = PBXBuildFile; fileRef = 9BB8028722B2A5F0002C646C /* UIFont+Conveniences.swift */; };
		9BB8028A22B2A78D002C646C /* UIColor+Conveniences.swift in Sources */ = {isa = PBXBuildFile; fileRef = 9BB8028922B2A78D002C646C /* UIColor+Conveniences.swift */; };
		9BB8028C22B2A8D8002C646C /* MomentsTweetCommentsView.swift in Sources */ = {isa = PBXBuildFile; fileRef = 9BB8028B22B2A8D8002C646C /* MomentsTweetCommentsView.swift */; };
		9BB8029322B2AEB2002C646C /* MomentsTopView.swift in Sources */ = {isa = PBXBuildFile; fileRef = 9BB8029222B2AEB2002C646C /* MomentsTopView.swift */; };
		9BB8029522B2B13D002C646C /* MomentsTweetTableView.swift in Sources */ = {isa = PBXBuildFile; fileRef = 9BB8029422B2B13D002C646C /* MomentsTweetTableView.swift */; };
		9BB8029722B2B807002C646C /* UIScreen+Conveniences.swift in Sources */ = {isa = PBXBuildFile; fileRef = 9BB8029622B2B807002C646C /* UIScreen+Conveniences.swift */; };
		CA2F3EFFB13A2C21662052D8 /* Pods_homeworkUITests.framework in Frameworks */ = {isa = PBXBuildFile; fileRef = 1663DAC1025714D8C59C7966 /* Pods_homeworkUITests.framework */; };
/* End PBXBuildFile section */

/* Begin PBXContainerItemProxy section */
		9BB8025122B27D24002C646C /* PBXContainerItemProxy */ = {
			isa = PBXContainerItemProxy;
			containerPortal = 9BB8023422B27D24002C646C /* Project object */;
			proxyType = 1;
			remoteGlobalIDString = 9BB8023B22B27D24002C646C;
			remoteInfo = homework;
		};
		9BB8025C22B27D24002C646C /* PBXContainerItemProxy */ = {
			isa = PBXContainerItemProxy;
			containerPortal = 9BB8023422B27D24002C646C /* Project object */;
			proxyType = 1;
			remoteGlobalIDString = 9BB8023B22B27D24002C646C;
			remoteInfo = homework;
		};
/* End PBXContainerItemProxy section */

/* Begin PBXFileReference section */
		056F1E4527B0A17DA519A8B7 /* Pods-homework.debug.xcconfig */ = {isa = PBXFileReference; includeInIndex = 1; lastKnownFileType = text.xcconfig; name = "Pods-homework.debug.xcconfig"; path = "Pods/Target Support Files/Pods-homework/Pods-homework.debug.xcconfig"; sourceTree = "<group>"; };
		1663DAC1025714D8C59C7966 /* Pods_homeworkUITests.framework */ = {isa = PBXFileReference; explicitFileType = wrapper.framework; includeInIndex = 0; path = Pods_homeworkUITests.framework; sourceTree = BUILT_PRODUCTS_DIR; };
		4EE5A0FA68093ADFC707A060 /* Pods-homeworkUITests.release.xcconfig */ = {isa = PBXFileReference; includeInIndex = 1; lastKnownFileType = text.xcconfig; name = "Pods-homeworkUITests.release.xcconfig"; path = "Pods/Target Support Files/Pods-homeworkUITests/Pods-homeworkUITests.release.xcconfig"; sourceTree = "<group>"; };
		65BCC92BFAA5F2FE6125D228 /* Pods_homework.framework */ = {isa = PBXFileReference; explicitFileType = wrapper.framework; includeInIndex = 0; path = Pods_homework.framework; sourceTree = BUILT_PRODUCTS_DIR; };
		91200F55EFF1D074E912BA41 /* Pods-homeworkTests.debug.xcconfig */ = {isa = PBXFileReference; includeInIndex = 1; lastKnownFileType = text.xcconfig; name = "Pods-homeworkTests.debug.xcconfig"; path = "Pods/Target Support Files/Pods-homeworkTests/Pods-homeworkTests.debug.xcconfig"; sourceTree = "<group>"; };
		934B11C75926ABCB9EA598C6 /* Pods-homeworkUITests.debug.xcconfig */ = {isa = PBXFileReference; includeInIndex = 1; lastKnownFileType = text.xcconfig; name = "Pods-homeworkUITests.debug.xcconfig"; path = "Pods/Target Support Files/Pods-homeworkUITests/Pods-homeworkUITests.debug.xcconfig"; sourceTree = "<group>"; };
		9B1189B522B4CCD300C4AA18 /* MomentsTweetCommentLabel.swift */ = {isa = PBXFileReference; lastKnownFileType = sourcecode.swift; path = MomentsTweetCommentLabel.swift; sourceTree = "<group>"; };
		9B1189BA22B4DA0500C4AA18 /* User+Models.swift */ = {isa = PBXFileReference; lastKnownFileType = sourcecode.swift; path = "User+Models.swift"; sourceTree = "<group>"; };
		9B209B4222B4F0190084E2BF /* User.swift */ = {isa = PBXFileReference; lastKnownFileType = sourcecode.swift; path = User.swift; sourceTree = "<group>"; };
		9B209B4422B4F0330084E2BF /* Moments.swift */ = {isa = PBXFileReference; lastKnownFileType = sourcecode.swift; path = Moments.swift; sourceTree = "<group>"; };
		9B209B4622B4F0580084E2BF /* User+Provider.swift */ = {isa = PBXFileReference; lastKnownFileType = sourcecode.swift; path = "User+Provider.swift"; sourceTree = "<group>"; };
		9B209B4922B4F0F60084E2BF /* APIController.swift */ = {isa = PBXFileReference; lastKnownFileType = sourcecode.swift; path = APIController.swift; sourceTree = "<group>"; };
		9B209B4D22B4F3850084E2BF /* Moments+Provider.swift */ = {isa = PBXFileReference; lastKnownFileType = sourcecode.swift; path = "Moments+Provider.swift"; sourceTree = "<group>"; };
		9B209B5122B5071F0084E2BF /* BaseModels.swift */ = {isa = PBXFileReference; lastKnownFileType = sourcecode.swift; path = BaseModels.swift; sourceTree = "<group>"; };
		9B209B7122B51BF20084E2BF /* tweets.json */ = {isa = PBXFileReference; lastKnownFileType = text.json; path = tweets.json; sourceTree = "<group>"; };
		9B209B7822B541760084E2BF /* UIImageView+WebImage.swift */ = {isa = PBXFileReference; lastKnownFileType = sourcecode.swift; path = "UIImageView+WebImage.swift"; sourceTree = "<group>"; };
		9B209B7A22B545E20084E2BF /* WebImageManager.swift */ = {isa = PBXFileReference; lastKnownFileType = sourcecode.swift; path = WebImageManager.swift; sourceTree = "<group>"; };
		9B209B7C22B5492E0084E2BF /* WebImageLoader.swift */ = {isa = PBXFileReference; lastKnownFileType = sourcecode.swift; path = WebImageLoader.swift; sourceTree = "<group>"; };
		9B209B7E22B54AA10084E2BF /* String+Crypto.swift */ = {isa = PBXFileReference; lastKnownFileType = sourcecode.swift; path = "String+Crypto.swift"; sourceTree = "<group>"; };
		9B209B8522B5E7E70084E2BF /* MomentsProfileProvider.swift */ = {isa = PBXFileReference; lastKnownFileType = sourcecode.swift; path = MomentsProfileProvider.swift; sourceTree = "<group>"; };
		9B209B8722B5EAA80084E2BF /* UIImage+Transforms.swift */ = {isa = PBXFileReference; lastKnownFileType = sourcecode.swift; path = "UIImage+Transforms.swift"; sourceTree = "<group>"; };
		9B209B8922B5F5880084E2BF /* Network.swift */ = {isa = PBXFileReference; lastKnownFileType = sourcecode.swift; path = Network.swift; sourceTree = "<group>"; };
		9B209B8B22B60E1B0084E2BF /* WebImageHolder.swift */ = {isa = PBXFileReference; lastKnownFileType = sourcecode.swift; path = WebImageHolder.swift; sourceTree = "<group>"; };
		9B38884422B3FFEC005B65F6 /* Moments+Models.swift */ = {isa = PBXFileReference; lastKnownFileType = sourcecode.swift; path = "Moments+Models.swift"; sourceTree = "<group>"; };
		9B38884622B400FE005B65F6 /* NSObject+Rx.swift */ = {isa = PBXFileReference; lastKnownFileType = sourcecode.swift; path = "NSObject+Rx.swift"; sourceTree = "<group>"; };
		9B38884822B40192005B65F6 /* Observable+Conveniences.swift */ = {isa = PBXFileReference; lastKnownFileType = sourcecode.swift; path = "Observable+Conveniences.swift"; sourceTree = "<group>"; };
		9B38884A22B4063F005B65F6 /* SquaredBoxView.swift */ = {isa = PBXFileReference; lastKnownFileType = sourcecode.swift; path = SquaredBoxView.swift; sourceTree = "<group>"; };
		9B38884C22B40BD7005B65F6 /* NineGridView.swift */ = {isa = PBXFileReference; lastKnownFileType = sourcecode.swift; path = NineGridView.swift; sourceTree = "<group>"; };
		9B38884E22B4107F005B65F6 /* UITableView+EasyReuse.swift */ = {isa = PBXFileReference; lastKnownFileType = sourcecode.swift; path = "UITableView+EasyReuse.swift"; sourceTree = "<group>"; };
		9BB8023C22B27D24002C646C /* homework.app */ = {isa = PBXFileReference; explicitFileType = wrapper.application; includeInIndex = 0; path = homework.app; sourceTree = BUILT_PRODUCTS_DIR; };
		9BB8023F22B27D24002C646C /* AppDelegate.swift */ = {isa = PBXFileReference; lastKnownFileType = sourcecode.swift; path = AppDelegate.swift; sourceTree = "<group>"; };
		9BB8024622B27D24002C646C /* Assets.xcassets */ = {isa = PBXFileReference; lastKnownFileType = folder.assetcatalog; path = Assets.xcassets; sourceTree = "<group>"; };
		9BB8024922B27D24002C646C /* Base */ = {isa = PBXFileReference; lastKnownFileType = file.storyboard; name = Base; path = Base.lproj/LaunchScreen.storyboard; sourceTree = "<group>"; };
		9BB8024B22B27D24002C646C /* Info.plist */ = {isa = PBXFileReference; lastKnownFileType = text.plist.xml; path = Info.plist; sourceTree = "<group>"; };
		9BB8025022B27D24002C646C /* homeworkTests.xctest */ = {isa = PBXFileReference; explicitFileType = wrapper.cfbundle; includeInIndex = 0; path = homeworkTests.xctest; sourceTree = BUILT_PRODUCTS_DIR; };
		9BB8025422B27D24002C646C /* homeworkTests.swift */ = {isa = PBXFileReference; lastKnownFileType = sourcecode.swift; path = homeworkTests.swift; sourceTree = "<group>"; };
		9BB8025622B27D24002C646C /* Info.plist */ = {isa = PBXFileReference; lastKnownFileType = text.plist.xml; path = Info.plist; sourceTree = "<group>"; };
		9BB8025B22B27D24002C646C /* homeworkUITests.xctest */ = {isa = PBXFileReference; explicitFileType = wrapper.cfbundle; includeInIndex = 0; path = homeworkUITests.xctest; sourceTree = BUILT_PRODUCTS_DIR; };
		9BB8025F22B27D24002C646C /* homeworkUITests.swift */ = {isa = PBXFileReference; lastKnownFileType = sourcecode.swift; path = homeworkUITests.swift; sourceTree = "<group>"; };
		9BB8026122B27D24002C646C /* Info.plist */ = {isa = PBXFileReference; lastKnownFileType = text.plist.xml; path = Info.plist; sourceTree = "<group>"; };
		9BB8026E22B27DAC002C646C /* MomentsViewController.swift */ = {isa = PBXFileReference; lastKnownFileType = sourcecode.swift; path = MomentsViewController.swift; sourceTree = "<group>"; };
		9BB8027322B2964F002C646C /* MomentsTweetProvider.swift */ = {isa = PBXFileReference; lastKnownFileType = sourcecode.swift; path = MomentsTweetProvider.swift; sourceTree = "<group>"; };
		9BB8027622B29696002C646C /* BaseViewModel.swift */ = {isa = PBXFileReference; lastKnownFileType = sourcecode.swift; path = BaseViewModel.swift; sourceTree = "<group>"; };
		9BB8027822B296ED002C646C /* MomentsTweetCell.swift */ = {isa = PBXFileReference; lastKnownFileType = sourcecode.swift; path = MomentsTweetCell.swift; sourceTree = "<group>"; };
		9BB8027A22B29BC2002C646C /* MomentsTweetPhotoCell.swift */ = {isa = PBXFileReference; lastKnownFileType = sourcecode.swift; path = MomentsTweetPhotoCell.swift; sourceTree = "<group>"; };
		9BB8027C22B29E05002C646C /* MomentsTweetTextCell.swift */ = {isa = PBXFileReference; lastKnownFileType = sourcecode.swift; path = MomentsTweetTextCell.swift; sourceTree = "<group>"; };
		9BB8027E22B2A1EE002C646C /* MomentsTweetMultipictureCell.swift */ = {isa = PBXFileReference; lastKnownFileType = sourcecode.swift; path = MomentsTweetMultipictureCell.swift; sourceTree = "<group>"; };
		9BB8028122B2A246002C646C /* AvatarView.swift */ = {isa = PBXFileReference; lastKnownFileType = sourcecode.swift; path = AvatarView.swift; sourceTree = "<group>"; };
		9BB8028522B2A524002C646C /* UILabel+Conveniences.swift */ = {isa = PBXFileReference; lastKnownFileType = sourcecode.swift; path = "UILabel+Conveniences.swift"; sourceTree = "<group>"; };
		9BB8028722B2A5F0002C646C /* UIFont+Conveniences.swift */ = {isa = PBXFileReference; lastKnownFileType = sourcecode.swift; path = "UIFont+Conveniences.swift"; sourceTree = "<group>"; };
		9BB8028922B2A78D002C646C /* UIColor+Conveniences.swift */ = {isa = PBXFileReference; lastKnownFileType = sourcecode.swift; path = "UIColor+Conveniences.swift"; sourceTree = "<group>"; };
		9BB8028B22B2A8D8002C646C /* MomentsTweetCommentsView.swift */ = {isa = PBXFileReference; lastKnownFileType = sourcecode.swift; path = MomentsTweetCommentsView.swift; sourceTree = "<group>"; };
		9BB8028D22B2AABD002C646C /* homework-Bridging-Header.h */ = {isa = PBXFileReference; lastKnownFileType = sourcecode.c.h; path = "homework-Bridging-Header.h"; sourceTree = "<group>"; };
		9BB8029222B2AEB2002C646C /* MomentsTopView.swift */ = {isa = PBXFileReference; lastKnownFileType = sourcecode.swift; path = MomentsTopView.swift; sourceTree = "<group>"; };
		9BB8029422B2B13D002C646C /* MomentsTweetTableView.swift */ = {isa = PBXFileReference; lastKnownFileType = sourcecode.swift; path = MomentsTweetTableView.swift; sourceTree = "<group>"; };
		9BB8029622B2B807002C646C /* UIScreen+Conveniences.swift */ = {isa = PBXFileReference; lastKnownFileType = sourcecode.swift; path = "UIScreen+Conveniences.swift"; sourceTree = "<group>"; };
		B2DE4B2DCF57B58D0278C69A /* Pods_homeworkTests.framework */ = {isa = PBXFileReference; explicitFileType = wrapper.framework; includeInIndex = 0; path = Pods_homeworkTests.framework; sourceTree = BUILT_PRODUCTS_DIR; };
		C2A8E5394255D2DD118A7016 /* Pods-homework.release.xcconfig */ = {isa = PBXFileReference; includeInIndex = 1; lastKnownFileType = text.xcconfig; name = "Pods-homework.release.xcconfig"; path = "Pods/Target Support Files/Pods-homework/Pods-homework.release.xcconfig"; sourceTree = "<group>"; };
		F5D5A1230854DF1DFECC495D /* Pods-homeworkTests.release.xcconfig */ = {isa = PBXFileReference; includeInIndex = 1; lastKnownFileType = text.xcconfig; name = "Pods-homeworkTests.release.xcconfig"; path = "Pods/Target Support Files/Pods-homeworkTests/Pods-homeworkTests.release.xcconfig"; sourceTree = "<group>"; };
/* End PBXFileReference section */

/* Begin PBXFrameworksBuildPhase section */
		9BB8023922B27D24002C646C /* Frameworks */ = {
			isa = PBXFrameworksBuildPhase;
			buildActionMask = 2147483647;
			files = (
				06795FBBC9AF9C3F59B877D9 /* Pods_homework.framework in Frameworks */,
			);
			runOnlyForDeploymentPostprocessing = 0;
		};
		9BB8024D22B27D24002C646C /* Frameworks */ = {
			isa = PBXFrameworksBuildPhase;
			buildActionMask = 2147483647;
			files = (
				3389696FF4F3A4019CB4E726 /* Pods_homeworkTests.framework in Frameworks */,
			);
			runOnlyForDeploymentPostprocessing = 0;
		};
		9BB8025822B27D24002C646C /* Frameworks */ = {
			isa = PBXFrameworksBuildPhase;
			buildActionMask = 2147483647;
			files = (
				CA2F3EFFB13A2C21662052D8 /* Pods_homeworkUITests.framework in Frameworks */,
			);
			runOnlyForDeploymentPostprocessing = 0;
		};
/* End PBXFrameworksBuildPhase section */

/* Begin PBXGroup section */
		338B16B0ACD85B1EFEBCB6D7 /* Frameworks */ = {
			isa = PBXGroup;
			children = (
				65BCC92BFAA5F2FE6125D228 /* Pods_homework.framework */,
				B2DE4B2DCF57B58D0278C69A /* Pods_homeworkTests.framework */,
				1663DAC1025714D8C59C7966 /* Pods_homeworkUITests.framework */,
			);
			name = Frameworks;
			sourceTree = "<group>";
		};
		80179C84F391C00EE9A08DAA /* Pods */ = {
			isa = PBXGroup;
			children = (
				056F1E4527B0A17DA519A8B7 /* Pods-homework.debug.xcconfig */,
				C2A8E5394255D2DD118A7016 /* Pods-homework.release.xcconfig */,
				91200F55EFF1D074E912BA41 /* Pods-homeworkTests.debug.xcconfig */,
				F5D5A1230854DF1DFECC495D /* Pods-homeworkTests.release.xcconfig */,
				934B11C75926ABCB9EA598C6 /* Pods-homeworkUITests.debug.xcconfig */,
				4EE5A0FA68093ADFC707A060 /* Pods-homeworkUITests.release.xcconfig */,
			);
			name = Pods;
			sourceTree = "<group>";
		};
		9B1189B722B4D9EA00C4AA18 /* Network */ = {
			isa = PBXGroup;
			children = (
				9B209B4822B4F0BF0084E2BF /* Core */,
				9B209B4122B4EFF70084E2BF /* Namespace */,
				9B209B4022B4EFEB0084E2BF /* Providers */,
				9BB8027222B27DE1002C646C /* Models */,
			);
			path = Network;
			sourceTree = "<group>";
		};
		9B209B4022B4EFEB0084E2BF /* Providers */ = {
			isa = PBXGroup;
			children = (
				9B209B4622B4F0580084E2BF /* User+Provider.swift */,
				9B209B4D22B4F3850084E2BF /* Moments+Provider.swift */,
			);
			path = Providers;
			sourceTree = "<group>";
		};
		9B209B4122B4EFF70084E2BF /* Namespace */ = {
			isa = PBXGroup;
			children = (
				9B209B4222B4F0190084E2BF /* User.swift */,
				9B209B4422B4F0330084E2BF /* Moments.swift */,
			);
			path = Namespace;
			sourceTree = "<group>";
		};
		9B209B4822B4F0BF0084E2BF /* Core */ = {
			isa = PBXGroup;
			children = (
				9B209B4922B4F0F60084E2BF /* APIController.swift */,
				9B209B8922B5F5880084E2BF /* Network.swift */,
			);
			path = Core;
			sourceTree = "<group>";
		};
		9B209B7722B541690084E2BF /* WebImage */ = {
			isa = PBXGroup;
			children = (
				9B209B7A22B545E20084E2BF /* WebImageManager.swift */,
				9B209B7C22B5492E0084E2BF /* WebImageLoader.swift */,
				9B209B8B22B60E1B0084E2BF /* WebImageHolder.swift */,
				9B209B7822B541760084E2BF /* UIImageView+WebImage.swift */,
			);
			path = WebImage;
			sourceTree = "<group>";
		};
		9BB8023322B27D24002C646C = {
			isa = PBXGroup;
			children = (
				9BB8023E22B27D24002C646C /* homework */,
				9BB8025322B27D24002C646C /* homeworkTests */,
				9BB8025E22B27D24002C646C /* homeworkUITests */,
				9BB8023D22B27D24002C646C /* Products */,
				80179C84F391C00EE9A08DAA /* Pods */,
				338B16B0ACD85B1EFEBCB6D7 /* Frameworks */,
			);
			sourceTree = "<group>";
		};
		9BB8023D22B27D24002C646C /* Products */ = {
			isa = PBXGroup;
			children = (
				9BB8023C22B27D24002C646C /* homework.app */,
				9BB8025022B27D24002C646C /* homeworkTests.xctest */,
				9BB8025B22B27D24002C646C /* homeworkUITests.xctest */,
			);
			name = Products;
			sourceTree = "<group>";
		};
		9BB8023E22B27D24002C646C /* homework */ = {
			isa = PBXGroup;
			children = (
				9B1189B722B4D9EA00C4AA18 /* Network */,
				9BB8029122B2AB13002C646C /* Modules */,
				9BB8028022B2A239002C646C /* Widgets */,
				9BB8027522B29689002C646C /* Foundation */,
				9BB8023F22B27D24002C646C /* AppDelegate.swift */,
				9BB8024622B27D24002C646C /* Assets.xcassets */,
				9BB8024822B27D24002C646C /* LaunchScreen.storyboard */,
				9BB8024B22B27D24002C646C /* Info.plist */,
				9BB8028D22B2AABD002C646C /* homework-Bridging-Header.h */,
			);
			path = homework;
			sourceTree = "<group>";
		};
		9BB8025322B27D24002C646C /* homeworkTests */ = {
			isa = PBXGroup;
			children = (
				9B209B7122B51BF20084E2BF /* tweets.json */,
				9BB8025422B27D24002C646C /* homeworkTests.swift */,
				9BB8025622B27D24002C646C /* Info.plist */,
			);
			path = homeworkTests;
			sourceTree = "<group>";
		};
		9BB8025E22B27D24002C646C /* homeworkUITests */ = {
			isa = PBXGroup;
			children = (
				9BB8025F22B27D24002C646C /* homeworkUITests.swift */,
				9BB8026122B27D24002C646C /* Info.plist */,
			);
			path = homeworkUITests;
			sourceTree = "<group>";
		};
		9BB8026D22B27D87002C646C /* Moments */ = {
			isa = PBXGroup;
			children = (
				9BB8026E22B27DAC002C646C /* MomentsViewController.swift */,
				9BB8027122B27DDB002C646C /* ViewModels */,
				9BB8027022B27DD4002C646C /* Views */,
			);
			path = Moments;
			sourceTree = "<group>";
		};
		9BB8027022B27DD4002C646C /* Views */ = {
			isa = PBXGroup;
			children = (
				9BB8029222B2AEB2002C646C /* MomentsTopView.swift */,
				9BB8029422B2B13D002C646C /* MomentsTweetTableView.swift */,
				9BB8027822B296ED002C646C /* MomentsTweetCell.swift */,
				9BB8027C22B29E05002C646C /* MomentsTweetTextCell.swift */,
				9BB8027A22B29BC2002C646C /* MomentsTweetPhotoCell.swift */,
				9BB8027E22B2A1EE002C646C /* MomentsTweetMultipictureCell.swift */,
				9BB8028B22B2A8D8002C646C /* MomentsTweetCommentsView.swift */,
				9B1189B522B4CCD300C4AA18 /* MomentsTweetCommentLabel.swift */,
			);
			path = Views;
			sourceTree = "<group>";
		};
		9BB8027122B27DDB002C646C /* ViewModels */ = {
			isa = PBXGroup;
			children = (
				9BB8027322B2964F002C646C /* MomentsTweetProvider.swift */,
				9B209B8522B5E7E70084E2BF /* MomentsProfileProvider.swift */,
			);
			path = ViewModels;
			sourceTree = "<group>";
		};
		9BB8027222B27DE1002C646C /* Models */ = {
			isa = PBXGroup;
			children = (
				9B209B5122B5071F0084E2BF /* BaseModels.swift */,
				9B1189BA22B4DA0500C4AA18 /* User+Models.swift */,
				9B38884422B3FFEC005B65F6 /* Moments+Models.swift */,
			);
			path = Models;
			sourceTree = "<group>";
		};
		9BB8027522B29689002C646C /* Foundation */ = {
			isa = PBXGroup;
			children = (
				9B209B7722B541690084E2BF /* WebImage */,
				9BB8028422B2A4F6002C646C /* Extensions */,
				9BB8027622B29696002C646C /* BaseViewModel.swift */,
			);
			path = Foundation;
			sourceTree = "<group>";
		};
		9BB8028022B2A239002C646C /* Widgets */ = {
			isa = PBXGroup;
			children = (
				9BB8028122B2A246002C646C /* AvatarView.swift */,
				9B38884A22B4063F005B65F6 /* SquaredBoxView.swift */,
				9B38884C22B40BD7005B65F6 /* NineGridView.swift */,
			);
			path = Widgets;
			sourceTree = "<group>";
		};
		9BB8028422B2A4F6002C646C /* Extensions */ = {
			isa = PBXGroup;
			children = (
				9BB8028522B2A524002C646C /* UILabel+Conveniences.swift */,
				9BB8028722B2A5F0002C646C /* UIFont+Conveniences.swift */,
				9BB8028922B2A78D002C646C /* UIColor+Conveniences.swift */,
				9BB8029622B2B807002C646C /* UIScreen+Conveniences.swift */,
				9B38884622B400FE005B65F6 /* NSObject+Rx.swift */,
				9B38884822B40192005B65F6 /* Observable+Conveniences.swift */,
				9B38884E22B4107F005B65F6 /* UITableView+EasyReuse.swift */,
				9B209B7E22B54AA10084E2BF /* String+Crypto.swift */,
				9B209B8722B5EAA80084E2BF /* UIImage+Transforms.swift */,
			);
			path = Extensions;
			sourceTree = "<group>";
		};
		9BB8029122B2AB13002C646C /* Modules */ = {
			isa = PBXGroup;
			children = (
				9BB8026D22B27D87002C646C /* Moments */,
			);
			path = Modules;
			sourceTree = "<group>";
		};
/* End PBXGroup section */

/* Begin PBXNativeTarget section */
		9BB8023B22B27D24002C646C /* homework */ = {
			isa = PBXNativeTarget;
			buildConfigurationList = 9BB8026422B27D24002C646C /* Build configuration list for PBXNativeTarget "homework" */;
			buildPhases = (
				D7519BEF7BDF44BD9FA52558 /* [CP] Check Pods Manifest.lock */,
				9BB8023822B27D24002C646C /* Sources */,
				9BB8023922B27D24002C646C /* Frameworks */,
				9BB8023A22B27D24002C646C /* Resources */,
				A30E621A1D0BBF6C45562DF1 /* [CP] Embed Pods Frameworks */,
			);
			buildRules = (
			);
			dependencies = (
			);
			name = homework;
			productName = homework;
			productReference = 9BB8023C22B27D24002C646C /* homework.app */;
			productType = "com.apple.product-type.application";
		};
		9BB8024F22B27D24002C646C /* homeworkTests */ = {
			isa = PBXNativeTarget;
			buildConfigurationList = 9BB8026722B27D24002C646C /* Build configuration list for PBXNativeTarget "homeworkTests" */;
			buildPhases = (
				B2781C8FFAFD168814BAF56E /* [CP] Check Pods Manifest.lock */,
				9BB8024C22B27D24002C646C /* Sources */,
				9BB8024D22B27D24002C646C /* Frameworks */,
				9BB8024E22B27D24002C646C /* Resources */,
			);
			buildRules = (
			);
			dependencies = (
				9BB8025222B27D24002C646C /* PBXTargetDependency */,
			);
			name = homeworkTests;
			productName = homeworkTests;
			productReference = 9BB8025022B27D24002C646C /* homeworkTests.xctest */;
			productType = "com.apple.product-type.bundle.unit-test";
		};
		9BB8025A22B27D24002C646C /* homeworkUITests */ = {
			isa = PBXNativeTarget;
			buildConfigurationList = 9BB8026A22B27D24002C646C /* Build configuration list for PBXNativeTarget "homeworkUITests" */;
			buildPhases = (
				A5AE155F4DF4B03F84CBAACF /* [CP] Check Pods Manifest.lock */,
				9BB8025722B27D24002C646C /* Sources */,
				9BB8025822B27D24002C646C /* Frameworks */,
				9BB8025922B27D24002C646C /* Resources */,
			);
			buildRules = (
			);
			dependencies = (
				9BB8025D22B27D24002C646C /* PBXTargetDependency */,
			);
			name = homeworkUITests;
			productName = homeworkUITests;
			productReference = 9BB8025B22B27D24002C646C /* homeworkUITests.xctest */;
			productType = "com.apple.product-type.bundle.ui-testing";
		};
/* End PBXNativeTarget section */

/* Begin PBXProject section */
		9BB8023422B27D24002C646C /* Project object */ = {
			isa = PBXProject;
			attributes = {
				LastSwiftUpdateCheck = 1020;
				LastUpgradeCheck = 1020;
				ORGANIZATIONNAME = Eason;
				TargetAttributes = {
					9BB8023B22B27D24002C646C = {
						CreatedOnToolsVersion = 10.2.1;
						LastSwiftMigration = 1020;
					};
					9BB8024F22B27D24002C646C = {
						CreatedOnToolsVersion = 10.2.1;
						TestTargetID = 9BB8023B22B27D24002C646C;
					};
					9BB8025A22B27D24002C646C = {
						CreatedOnToolsVersion = 10.2.1;
						TestTargetID = 9BB8023B22B27D24002C646C;
					};
				};
			};
			buildConfigurationList = 9BB8023722B27D24002C646C /* Build configuration list for PBXProject "homework" */;
			compatibilityVersion = "Xcode 9.3";
			developmentRegion = en;
			hasScannedForEncodings = 0;
			knownRegions = (
				en,
				Base,
			);
			mainGroup = 9BB8023322B27D24002C646C;
			productRefGroup = 9BB8023D22B27D24002C646C /* Products */;
			projectDirPath = "";
			projectRoot = "";
			targets = (
				9BB8023B22B27D24002C646C /* homework */,
				9BB8024F22B27D24002C646C /* homeworkTests */,
				9BB8025A22B27D24002C646C /* homeworkUITests */,
			);
		};
/* End PBXProject section */

/* Begin PBXResourcesBuildPhase section */
		9BB8023A22B27D24002C646C /* Resources */ = {
			isa = PBXResourcesBuildPhase;
			buildActionMask = 2147483647;
			files = (
				9BB8024A22B27D24002C646C /* LaunchScreen.storyboard in Resources */,
				9BB8024722B27D24002C646C /* Assets.xcassets in Resources */,
			);
			runOnlyForDeploymentPostprocessing = 0;
		};
		9BB8024E22B27D24002C646C /* Resources */ = {
			isa = PBXResourcesBuildPhase;
			buildActionMask = 2147483647;
			files = (
				9B209B7222B51BF20084E2BF /* tweets.json in Resources */,
			);
			runOnlyForDeploymentPostprocessing = 0;
		};
		9BB8025922B27D24002C646C /* Resources */ = {
			isa = PBXResourcesBuildPhase;
			buildActionMask = 2147483647;
			files = (
			);
			runOnlyForDeploymentPostprocessing = 0;
		};
/* End PBXResourcesBuildPhase section */

/* Begin PBXShellScriptBuildPhase section */
		A30E621A1D0BBF6C45562DF1 /* [CP] Embed Pods Frameworks */ = {
			isa = PBXShellScriptBuildPhase;
			buildActionMask = 2147483647;
			files = (
			);
			inputFileListPaths = (
			);
			inputPaths = (
				"${SRCROOT}/Pods/Target Support Files/Pods-homework/Pods-homework-frameworks.sh",
				"${BUILT_PRODUCTS_DIR}/Alamofire/Alamofire.framework",
				"${BUILT_PRODUCTS_DIR}/MJRefresh/MJRefresh.framework",
				"${BUILT_PRODUCTS_DIR}/Moya/Moya.framework",
				"${BUILT_PRODUCTS_DIR}/Result/Result.framework",
				"${BUILT_PRODUCTS_DIR}/RxCocoa/RxCocoa.framework",
				"${BUILT_PRODUCTS_DIR}/RxSwift/RxSwift.framework",
				"${BUILT_PRODUCTS_DIR}/SnapKit/SnapKit.framework",
			);
			name = "[CP] Embed Pods Frameworks";
			outputFileListPaths = (
			);
			outputPaths = (
				"${TARGET_BUILD_DIR}/${FRAMEWORKS_FOLDER_PATH}/Alamofire.framework",
				"${TARGET_BUILD_DIR}/${FRAMEWORKS_FOLDER_PATH}/MJRefresh.framework",
				"${TARGET_BUILD_DIR}/${FRAMEWORKS_FOLDER_PATH}/Moya.framework",
				"${TARGET_BUILD_DIR}/${FRAMEWORKS_FOLDER_PATH}/Result.framework",
				"${TARGET_BUILD_DIR}/${FRAMEWORKS_FOLDER_PATH}/RxCocoa.framework",
				"${TARGET_BUILD_DIR}/${FRAMEWORKS_FOLDER_PATH}/RxSwift.framework",
				"${TARGET_BUILD_DIR}/${FRAMEWORKS_FOLDER_PATH}/SnapKit.framework",
			);
			runOnlyForDeploymentPostprocessing = 0;
			shellPath = /bin/sh;
			shellScript = "\"${SRCROOT}/Pods/Target Support Files/Pods-homework/Pods-homework-frameworks.sh\"\n";
			showEnvVarsInLog = 0;
		};
		A5AE155F4DF4B03F84CBAACF /* [CP] Check Pods Manifest.lock */ = {
			isa = PBXShellScriptBuildPhase;
			buildActionMask = 2147483647;
			files = (
			);
			inputFileListPaths = (
			);
			inputPaths = (
				"${PODS_PODFILE_DIR_PATH}/Podfile.lock",
				"${PODS_ROOT}/Manifest.lock",
			);
			name = "[CP] Check Pods Manifest.lock";
			outputFileListPaths = (
			);
			outputPaths = (
				"$(DERIVED_FILE_DIR)/Pods-homeworkUITests-checkManifestLockResult.txt",
			);
			runOnlyForDeploymentPostprocessing = 0;
			shellPath = /bin/sh;
			shellScript = "diff \"${PODS_PODFILE_DIR_PATH}/Podfile.lock\" \"${PODS_ROOT}/Manifest.lock\" > /dev/null\nif [ $? != 0 ] ; then\n    # print error to STDERR\n    echo \"error: The sandbox is not in sync with the Podfile.lock. Run 'pod install' or update your CocoaPods installation.\" >&2\n    exit 1\nfi\n# This output is used by Xcode 'outputs' to avoid re-running this script phase.\necho \"SUCCESS\" > \"${SCRIPT_OUTPUT_FILE_0}\"\n";
			showEnvVarsInLog = 0;
		};
		B2781C8FFAFD168814BAF56E /* [CP] Check Pods Manifest.lock */ = {
			isa = PBXShellScriptBuildPhase;
			buildActionMask = 2147483647;
			files = (
			);
			inputFileListPaths = (
			);
			inputPaths = (
				"${PODS_PODFILE_DIR_PATH}/Podfile.lock",
				"${PODS_ROOT}/Manifest.lock",
			);
			name = "[CP] Check Pods Manifest.lock";
			outputFileListPaths = (
			);
			outputPaths = (
				"$(DERIVED_FILE_DIR)/Pods-homeworkTests-checkManifestLockResult.txt",
			);
			runOnlyForDeploymentPostprocessing = 0;
			shellPath = /bin/sh;
			shellScript = "diff \"${PODS_PODFILE_DIR_PATH}/Podfile.lock\" \"${PODS_ROOT}/Manifest.lock\" > /dev/null\nif [ $? != 0 ] ; then\n    # print error to STDERR\n    echo \"error: The sandbox is not in sync with the Podfile.lock. Run 'pod install' or update your CocoaPods installation.\" >&2\n    exit 1\nfi\n# This output is used by Xcode 'outputs' to avoid re-running this script phase.\necho \"SUCCESS\" > \"${SCRIPT_OUTPUT_FILE_0}\"\n";
			showEnvVarsInLog = 0;
		};
		D7519BEF7BDF44BD9FA52558 /* [CP] Check Pods Manifest.lock */ = {
			isa = PBXShellScriptBuildPhase;
			buildActionMask = 2147483647;
			files = (
			);
			inputFileListPaths = (
			);
			inputPaths = (
				"${PODS_PODFILE_DIR_PATH}/Podfile.lock",
				"${PODS_ROOT}/Manifest.lock",
			);
			name = "[CP] Check Pods Manifest.lock";
			outputFileListPaths = (
			);
			outputPaths = (
				"$(DERIVED_FILE_DIR)/Pods-homework-checkManifestLockResult.txt",
			);
			runOnlyForDeploymentPostprocessing = 0;
			shellPath = /bin/sh;
			shellScript = "diff \"${PODS_PODFILE_DIR_PATH}/Podfile.lock\" \"${PODS_ROOT}/Manifest.lock\" > /dev/null\nif [ $? != 0 ] ; then\n    # print error to STDERR\n    echo \"error: The sandbox is not in sync with the Podfile.lock. Run 'pod install' or update your CocoaPods installation.\" >&2\n    exit 1\nfi\n# This output is used by Xcode 'outputs' to avoid re-running this script phase.\necho \"SUCCESS\" > \"${SCRIPT_OUTPUT_FILE_0}\"\n";
			showEnvVarsInLog = 0;
		};
/* End PBXShellScriptBuildPhase section */

/* Begin PBXSourcesBuildPhase section */
		9BB8023822B27D24002C646C /* Sources */ = {
			isa = PBXSourcesBuildPhase;
			buildActionMask = 2147483647;
			files = (
				9B209B8A22B5F5880084E2BF /* Network.swift in Sources */,
				9B209B8622B5E7E70084E2BF /* MomentsProfileProvider.swift in Sources */,
				9B209B4A22B4F0F60084E2BF /* APIController.swift in Sources */,
				9B38884F22B4107F005B65F6 /* UITableView+EasyReuse.swift in Sources */,
				9B38884522B3FFEC005B65F6 /* Moments+Models.swift in Sources */,
				9BB8027F22B2A1EE002C646C /* MomentsTweetMultipictureCell.swift in Sources */,
				9B209B8C22B60E1B0084E2BF /* WebImageHolder.swift in Sources */,
				9B209B5222B5071F0084E2BF /* BaseModels.swift in Sources */,
				9B209B4522B4F0330084E2BF /* Moments.swift in Sources */,
				9B209B4322B4F0190084E2BF /* User.swift in Sources */,
				9B209B7F22B54AA10084E2BF /* String+Crypto.swift in Sources */,
				9BB8026F22B27DAC002C646C /* MomentsViewController.swift in Sources */,
				9BB8027B22B29BC2002C646C /* MomentsTweetPhotoCell.swift in Sources */,
				9BB8027722B29696002C646C /* BaseViewModel.swift in Sources */,
				9BB8028822B2A5F0002C646C /* UIFont+Conveniences.swift in Sources */,
				9BB8024022B27D24002C646C /* AppDelegate.swift in Sources */,
				9B209B7B22B545E20084E2BF /* WebImageManager.swift in Sources */,
				9B38884D22B40BD7005B65F6 /* NineGridView.swift in Sources */,
				9BB8029522B2B13D002C646C /* MomentsTweetTableView.swift in Sources */,
				9B209B7D22B5492E0084E2BF /* WebImageLoader.swift in Sources */,
				9BB8027D22B29E05002C646C /* MomentsTweetTextCell.swift in Sources */,
				9B38884922B40192005B65F6 /* Observable+Conveniences.swift in Sources */,
				9BB8028622B2A524002C646C /* UILabel+Conveniences.swift in Sources */,
				9BB8027922B296ED002C646C /* MomentsTweetCell.swift in Sources */,
				9B209B8822B5EAA80084E2BF /* UIImage+Transforms.swift in Sources */,
				9BB8028C22B2A8D8002C646C /* MomentsTweetCommentsView.swift in Sources */,
				9BB8029322B2AEB2002C646C /* MomentsTopView.swift in Sources */,
				9B209B7922B541760084E2BF /* UIImageView+WebImage.swift in Sources */,
				9B1189B622B4CCD300C4AA18 /* MomentsTweetCommentLabel.swift in Sources */,
				9BB8028A22B2A78D002C646C /* UIColor+Conveniences.swift in Sources */,
				9B1189BB22B4DA0500C4AA18 /* User+Models.swift in Sources */,
				9BB8028222B2A246002C646C /* AvatarView.swift in Sources */,
				9B209B4722B4F0580084E2BF /* User+Provider.swift in Sources */,
				9B38884B22B4063F005B65F6 /* SquaredBoxView.swift in Sources */,
				9BB8027422B2964F002C646C /* MomentsTweetProvider.swift in Sources */,
				9B209B4E22B4F3850084E2BF /* Moments+Provider.swift in Sources */,
				9BB8029722B2B807002C646C /* UIScreen+Conveniences.swift in Sources */,
				9B38884722B400FF005B65F6 /* NSObject+Rx.swift in Sources */,
			);
			runOnlyForDeploymentPostprocessing = 0;
		};
		9BB8024C22B27D24002C646C /* Sources */ = {
			isa = PBXSourcesBuildPhase;
			buildActionMask = 2147483647;
			files = (
				9BB8025522B27D24002C646C /* homeworkTests.swift in Sources */,
			);
			runOnlyForDeploymentPostprocessing = 0;
		};
		9BB8025722B27D24002C646C /* Sources */ = {
			isa = PBXSourcesBuildPhase;
			buildActionMask = 2147483647;
			files = (
				9BB8026022B27D24002C646C /* homeworkUITests.swift in Sources */,
			);
			runOnlyForDeploymentPostprocessing = 0;
		};
/* End PBXSourcesBuildPhase section */

/* Begin PBXTargetDependency section */
		9BB8025222B27D24002C646C /* PBXTargetDependency */ = {
			isa = PBXTargetDependency;
			target = 9BB8023B22B27D24002C646C /* homework */;
			targetProxy = 9BB8025122B27D24002C646C /* PBXContainerItemProxy */;
		};
		9BB8025D22B27D24002C646C /* PBXTargetDependency */ = {
			isa = PBXTargetDependency;
			target = 9BB8023B22B27D24002C646C /* homework */;
			targetProxy = 9BB8025C22B27D24002C646C /* PBXContainerItemProxy */;
		};
/* End PBXTargetDependency section */

/* Begin PBXVariantGroup section */
		9BB8024822B27D24002C646C /* LaunchScreen.storyboard */ = {
			isa = PBXVariantGroup;
			children = (
				9BB8024922B27D24002C646C /* Base */,
			);
			name = LaunchScreen.storyboard;
			sourceTree = "<group>";
		};
/* End PBXVariantGroup section */

/* Begin XCBuildConfiguration section */
		9BB8026222B27D24002C646C /* Debug */ = {
			isa = XCBuildConfiguration;
			buildSettings = {
				ALWAYS_SEARCH_USER_PATHS = NO;
				CLANG_ANALYZER_NONNULL = YES;
				CLANG_ANALYZER_NUMBER_OBJECT_CONVERSION = YES_AGGRESSIVE;
				CLANG_CXX_LANGUAGE_STANDARD = "gnu++14";
				CLANG_CXX_LIBRARY = "libc++";
				CLANG_ENABLE_MODULES = YES;
				CLANG_ENABLE_OBJC_ARC = YES;
				CLANG_ENABLE_OBJC_WEAK = YES;
				CLANG_WARN_BLOCK_CAPTURE_AUTORELEASING = YES;
				CLANG_WARN_BOOL_CONVERSION = YES;
				CLANG_WARN_COMMA = YES;
				CLANG_WARN_CONSTANT_CONVERSION = YES;
				CLANG_WARN_DEPRECATED_OBJC_IMPLEMENTATIONS = YES;
				CLANG_WARN_DIRECT_OBJC_ISA_USAGE = YES_ERROR;
				CLANG_WARN_DOCUMENTATION_COMMENTS = YES;
				CLANG_WARN_EMPTY_BODY = YES;
				CLANG_WARN_ENUM_CONVERSION = YES;
				CLANG_WARN_INFINITE_RECURSION = YES;
				CLANG_WARN_INT_CONVERSION = YES;
				CLANG_WARN_NON_LITERAL_NULL_CONVERSION = YES;
				CLANG_WARN_OBJC_IMPLICIT_RETAIN_SELF = YES;
				CLANG_WARN_OBJC_LITERAL_CONVERSION = YES;
				CLANG_WARN_OBJC_ROOT_CLASS = YES_ERROR;
				CLANG_WARN_RANGE_LOOP_ANALYSIS = YES;
				CLANG_WARN_STRICT_PROTOTYPES = YES;
				CLANG_WARN_SUSPICIOUS_MOVE = YES;
				CLANG_WARN_UNGUARDED_AVAILABILITY = YES_AGGRESSIVE;
				CLANG_WARN_UNREACHABLE_CODE = YES;
				CLANG_WARN__DUPLICATE_METHOD_MATCH = YES;
				CODE_SIGN_IDENTITY = "iPhone Developer";
				COPY_PHASE_STRIP = NO;
				DEBUG_INFORMATION_FORMAT = dwarf;
				ENABLE_STRICT_OBJC_MSGSEND = YES;
				ENABLE_TESTABILITY = YES;
				GCC_C_LANGUAGE_STANDARD = gnu11;
				GCC_DYNAMIC_NO_PIC = NO;
				GCC_NO_COMMON_BLOCKS = YES;
				GCC_OPTIMIZATION_LEVEL = 0;
				GCC_PREPROCESSOR_DEFINITIONS = (
					"DEBUG=1",
					"$(inherited)",
				);
				GCC_WARN_64_TO_32_BIT_CONVERSION = YES;
				GCC_WARN_ABOUT_RETURN_TYPE = YES_ERROR;
				GCC_WARN_UNDECLARED_SELECTOR = YES;
				GCC_WARN_UNINITIALIZED_AUTOS = YES_AGGRESSIVE;
				GCC_WARN_UNUSED_FUNCTION = YES;
				GCC_WARN_UNUSED_VARIABLE = YES;
				IPHONEOS_DEPLOYMENT_TARGET = 12.2;
				MTL_ENABLE_DEBUG_INFO = INCLUDE_SOURCE;
				MTL_FAST_MATH = YES;
				ONLY_ACTIVE_ARCH = YES;
				SDKROOT = iphoneos;
				SWIFT_ACTIVE_COMPILATION_CONDITIONS = DEBUG;
				SWIFT_OPTIMIZATION_LEVEL = "-Onone";
			};
			name = Debug;
		};
		9BB8026322B27D24002C646C /* Release */ = {
			isa = XCBuildConfiguration;
			buildSettings = {
				ALWAYS_SEARCH_USER_PATHS = NO;
				CLANG_ANALYZER_NONNULL = YES;
				CLANG_ANALYZER_NUMBER_OBJECT_CONVERSION = YES_AGGRESSIVE;
				CLANG_CXX_LANGUAGE_STANDARD = "gnu++14";
				CLANG_CXX_LIBRARY = "libc++";
				CLANG_ENABLE_MODULES = YES;
				CLANG_ENABLE_OBJC_ARC = YES;
				CLANG_ENABLE_OBJC_WEAK = YES;
				CLANG_WARN_BLOCK_CAPTURE_AUTORELEASING = YES;
				CLANG_WARN_BOOL_CONVERSION = YES;
				CLANG_WARN_COMMA = YES;
				CLANG_WARN_CONSTANT_CONVERSION = YES;
				CLANG_WARN_DEPRECATED_OBJC_IMPLEMENTATIONS = YES;
				CLANG_WARN_DIRECT_OBJC_ISA_USAGE = YES_ERROR;
				CLANG_WARN_DOCUMENTATION_COMMENTS = YES;
				CLANG_WARN_EMPTY_BODY = YES;
				CLANG_WARN_ENUM_CONVERSION = YES;
				CLANG_WARN_INFINITE_RECURSION = YES;
				CLANG_WARN_INT_CONVERSION = YES;
				CLANG_WARN_NON_LITERAL_NULL_CONVERSION = YES;
				CLANG_WARN_OBJC_IMPLICIT_RETAIN_SELF = YES;
				CLANG_WARN_OBJC_LITERAL_CONVERSION = YES;
				CLANG_WARN_OBJC_ROOT_CLASS = YES_ERROR;
				CLANG_WARN_RANGE_LOOP_ANALYSIS = YES;
				CLANG_WARN_STRICT_PROTOTYPES = YES;
				CLANG_WARN_SUSPICIOUS_MOVE = YES;
				CLANG_WARN_UNGUARDED_AVAILABILITY = YES_AGGRESSIVE;
				CLANG_WARN_UNREACHABLE_CODE = YES;
				CLANG_WARN__DUPLICATE_METHOD_MATCH = YES;
				CODE_SIGN_IDENTITY = "iPhone Developer";
				COPY_PHASE_STRIP = NO;
				DEBUG_INFORMATION_FORMAT = "dwarf-with-dsym";
				ENABLE_NS_ASSERTIONS = NO;
				ENABLE_STRICT_OBJC_MSGSEND = YES;
				GCC_C_LANGUAGE_STANDARD = gnu11;
				GCC_NO_COMMON_BLOCKS = YES;
				GCC_WARN_64_TO_32_BIT_CONVERSION = YES;
				GCC_WARN_ABOUT_RETURN_TYPE = YES_ERROR;
				GCC_WARN_UNDECLARED_SELECTOR = YES;
				GCC_WARN_UNINITIALIZED_AUTOS = YES_AGGRESSIVE;
				GCC_WARN_UNUSED_FUNCTION = YES;
				GCC_WARN_UNUSED_VARIABLE = YES;
				IPHONEOS_DEPLOYMENT_TARGET = 12.2;
				MTL_ENABLE_DEBUG_INFO = NO;
				MTL_FAST_MATH = YES;
				SDKROOT = iphoneos;
				SWIFT_COMPILATION_MODE = wholemodule;
				SWIFT_OPTIMIZATION_LEVEL = "-O";
				VALIDATE_PRODUCT = YES;
			};
			name = Release;
		};
		9BB8026522B27D24002C646C /* Debug */ = {
			isa = XCBuildConfiguration;
			baseConfigurationReference = 056F1E4527B0A17DA519A8B7 /* Pods-homework.debug.xcconfig */;
			buildSettings = {
				ASSETCATALOG_COMPILER_APPICON_NAME = AppIcon;
				CLANG_ENABLE_MODULES = YES;
				CODE_SIGN_IDENTITY = "iPhone Developer";
				CODE_SIGN_STYLE = Automatic;
				DEVELOPMENT_TEAM = FYF8C2R84A;
				INFOPLIST_FILE = homework/Info.plist;
				IPHONEOS_DEPLOYMENT_TARGET = 8.0;
				LD_RUNPATH_SEARCH_PATHS = (
					"$(inherited)",
					"@executable_path/Frameworks",
				);
				PRODUCT_BUNDLE_IDENTIFIER = pro.eason.homework;
				PRODUCT_NAME = "$(TARGET_NAME)";
				PROVISIONING_PROFILE_SPECIFIER = "";
				SWIFT_OBJC_BRIDGING_HEADER = "homework/homework-Bridging-Header.h";
				SWIFT_OPTIMIZATION_LEVEL = "-Onone";
				SWIFT_VERSION = 5.0;
				TARGETED_DEVICE_FAMILY = "1,2";
			};
			name = Debug;
		};
		9BB8026622B27D24002C646C /* Release */ = {
			isa = XCBuildConfiguration;
			baseConfigurationReference = C2A8E5394255D2DD118A7016 /* Pods-homework.release.xcconfig */;
			buildSettings = {
				ASSETCATALOG_COMPILER_APPICON_NAME = AppIcon;
				CLANG_ENABLE_MODULES = YES;
				CODE_SIGN_IDENTITY = "iPhone Developer";
				CODE_SIGN_STYLE = Automatic;
				DEVELOPMENT_TEAM = FYF8C2R84A;
				INFOPLIST_FILE = homework/Info.plist;
				IPHONEOS_DEPLOYMENT_TARGET = 8.0;
				LD_RUNPATH_SEARCH_PATHS = (
					"$(inherited)",
					"@executable_path/Frameworks",
				);
				PRODUCT_BUNDLE_IDENTIFIER = pro.eason.homework;
				PRODUCT_NAME = "$(TARGET_NAME)";
				PROVISIONING_PROFILE_SPECIFIER = "";
				SWIFT_OBJC_BRIDGING_HEADER = "homework/homework-Bridging-Header.h";
				SWIFT_VERSION = 5.0;
				TARGETED_DEVICE_FAMILY = "1,2";
			};
			name = Release;
		};
		9BB8026822B27D24002C646C /* Debug */ = {
			isa = XCBuildConfiguration;
			baseConfigurationReference = 91200F55EFF1D074E912BA41 /* Pods-homeworkTests.debug.xcconfig */;
			buildSettings = {
				ALWAYS_EMBED_SWIFT_STANDARD_LIBRARIES = YES;
				BUNDLE_LOADER = "$(TEST_HOST)";
				CODE_SIGN_STYLE = Automatic;
				DEVELOPMENT_TEAM = FYF8C2R84A;
				INFOPLIST_FILE = homeworkTests/Info.plist;
				LD_RUNPATH_SEARCH_PATHS = (
					"$(inherited)",
					"@executable_path/Frameworks",
					"@loader_path/Frameworks",
				);
				PRODUCT_BUNDLE_IDENTIFIER = pro.eason.homeworkTests;
				PRODUCT_NAME = "$(TARGET_NAME)";
				SWIFT_VERSION = 5.0;
				TARGETED_DEVICE_FAMILY = "1,2";
				TEST_HOST = "$(BUILT_PRODUCTS_DIR)/homework.app/homework";
			};
			name = Debug;
		};
		9BB8026922B27D24002C646C /* Release */ = {
			isa = XCBuildConfiguration;
			baseConfigurationReference = F5D5A1230854DF1DFECC495D /* Pods-homeworkTests.release.xcconfig */;
			buildSettings = {
				ALWAYS_EMBED_SWIFT_STANDARD_LIBRARIES = YES;
				BUNDLE_LOADER = "$(TEST_HOST)";
				CODE_SIGN_STYLE = Automatic;
				DEVELOPMENT_TEAM = FYF8C2R84A;
				INFOPLIST_FILE = homeworkTests/Info.plist;
				LD_RUNPATH_SEARCH_PATHS = (
					"$(inherited)",
					"@executable_path/Frameworks",
					"@loader_path/Frameworks",
				);
				PRODUCT_BUNDLE_IDENTIFIER = pro.eason.homeworkTests;
				PRODUCT_NAME = "$(TARGET_NAME)";
				SWIFT_VERSION = 5.0;
				TARGETED_DEVICE_FAMILY = "1,2";
				TEST_HOST = "$(BUILT_PRODUCTS_DIR)/homework.app/homework";
			};
			name = Release;
		};
		9BB8026B22B27D24002C646C /* Debug */ = {
			isa = XCBuildConfiguration;
			baseConfigurationReference = 934B11C75926ABCB9EA598C6 /* Pods-homeworkUITests.debug.xcconfig */;
			buildSettings = {
				ALWAYS_EMBED_SWIFT_STANDARD_LIBRARIES = YES;
				CODE_SIGN_STYLE = Automatic;
				DEVELOPMENT_TEAM = FYF8C2R84A;
				INFOPLIST_FILE = homeworkUITests/Info.plist;
				LD_RUNPATH_SEARCH_PATHS = (
					"$(inherited)",
					"@executable_path/Frameworks",
					"@loader_path/Frameworks",
				);
				PRODUCT_BUNDLE_IDENTIFIER = pro.eason.homeworkUITests;
				PRODUCT_NAME = "$(TARGET_NAME)";
				SWIFT_VERSION = 5.0;
				TARGETED_DEVICE_FAMILY = "1,2";
				TEST_TARGET_NAME = homework;
			};
			name = Debug;
		};
		9BB8026C22B27D24002C646C /* Release */ = {
			isa = XCBuildConfiguration;
			baseConfigurationReference = 4EE5A0FA68093ADFC707A060 /* Pods-homeworkUITests.release.xcconfig */;
			buildSettings = {
				ALWAYS_EMBED_SWIFT_STANDARD_LIBRARIES = YES;
				CODE_SIGN_STYLE = Automatic;
				DEVELOPMENT_TEAM = FYF8C2R84A;
				INFOPLIST_FILE = homeworkUITests/Info.plist;
				LD_RUNPATH_SEARCH_PATHS = (
					"$(inherited)",
					"@executable_path/Frameworks",
					"@loader_path/Frameworks",
				);
				PRODUCT_BUNDLE_IDENTIFIER = pro.eason.homeworkUITests;
				PRODUCT_NAME = "$(TARGET_NAME)";
				SWIFT_VERSION = 5.0;
				TARGETED_DEVICE_FAMILY = "1,2";
				TEST_TARGET_NAME = homework;
			};
			name = Release;
		};
/* End XCBuildConfiguration section */

/* Begin XCConfigurationList section */
		9BB8023722B27D24002C646C /* Build configuration list for PBXProject "homework" */ = {
			isa = XCConfigurationList;
			buildConfigurations = (
				9BB8026222B27D24002C646C /* Debug */,
				9BB8026322B27D24002C646C /* Release */,
			);
			defaultConfigurationIsVisible = 0;
			defaultConfigurationName = Release;
		};
		9BB8026422B27D24002C646C /* Build configuration list for PBXNativeTarget "homework" */ = {
			isa = XCConfigurationList;
			buildConfigurations = (
				9BB8026522B27D24002C646C /* Debug */,
				9BB8026622B27D24002C646C /* Release */,
			);
			defaultConfigurationIsVisible = 0;
			defaultConfigurationName = Release;
		};
		9BB8026722B27D24002C646C /* Build configuration list for PBXNativeTarget "homeworkTests" */ = {
			isa = XCConfigurationList;
			buildConfigurations = (
				9BB8026822B27D24002C646C /* Debug */,
				9BB8026922B27D24002C646C /* Release */,
			);
			defaultConfigurationIsVisible = 0;
			defaultConfigurationName = Release;
		};
		9BB8026A22B27D24002C646C /* Build configuration list for PBXNativeTarget "homeworkUITests" */ = {
			isa = XCConfigurationList;
			buildConfigurations = (
				9BB8026B22B27D24002C646C /* Debug */,
				9BB8026C22B27D24002C646C /* Release */,
			);
			defaultConfigurationIsVisible = 0;
			defaultConfigurationName = Release;
		};
/* End XCConfigurationList section */
	};
	rootObject = 9BB8023422B27D24002C646C /* Project object */;
}
